
Microsoft Visual Studio Solution File, Format Version 12.00
# Visual Studio Version 17
VisualStudioVersion = 17.3.32811.315
MinimumVisualStudioVersion = 10.0.40219.1
Project("{FAE04EC0-301F-11D3-BF4B-00C04F79EFBC}") = "Uppgift 2.5", "Uppgift 2.5\Uppgift 2.5.csproj", "{CE16033B-4443-4B9A-800E-44442B7B23D1}"
EndProject
Global
	GlobalSection(SolutionConfigurationPlatforms) = preSolution
		Debug|Any CPU = Debug|Any CPU
		Release|Any CPU = Release|Any CPU
	EndGlobalSection
	GlobalSection(ProjectConfigurationPlatforms) = postSolution
		{CE16033B-4443-4B9A-800E-44442B7B23D1}.Debug|Any CPU.ActiveCfg = Debug|Any CPU
		{CE16033B-4443-4B9A-800E-44442B7B23D1}.Debug|Any CPU.Build.0 = Debug|Any CPU
		{CE16033B-4443-4B9A-800E-44442B7B23D1}.Release|Any CPU.ActiveCfg = Release|Any CPU
		{CE16033B-4443-4B9A-800E-44442B7B23D1}.Release|Any CPU.Build.0 = Release|Any CPU
	EndGlobalSection
	GlobalSection(SolutionProperties) = preSolution
		HideSolutionNode = FALSE
	EndGlobalSection
	GlobalSection(ExtensibilityGlobals) = postSolution
		SolutionGuid = {7B329EA9-B203-4399-AECB-8E7BC56EED06}
	EndGlobalSection
EndGlobal
